
Microsoft Visual Studio Solution File, Format Version 12.00
# Visual Studio 2013
VisualStudioVersion = 12.0.21005.1
MinimumVisualStudioVersion = 10.0.40219.1
Project("{FAE04EC0-301F-11D3-BF4B-00C04F79EFBC}") = "AnjaliMIS", "AnjaliMIS\AnjaliMIS.csproj", "{BC2E2ABF-08C4-4FE1-8761-E7BA707993D0}"
EndProject
Project("{FAE04EC0-301F-11D3-BF4B-00C04F79EFBC}") = "AnjaliMISDAL", "AnjaliMISDAL\AnjaliMISDAL.csproj", "{59BB6ABF-EA9A-41E1-B4B6-D004698EEB7B}"
EndProject
Project("{FAE04EC0-301F-11D3-BF4B-00C04F79EFBC}") = "AnjaliMISRepository", "AnjaliMISRepository\AnjaliMISRepository.csproj", "{420A8699-75C8-4B78-9FC1-0595FBA5E0B7}"
EndProject
Project("{FAE04EC0-301F-11D3-BF4B-00C04F79EFBC}") = "AnjaliMISViewModal", "AnjaliMISViewModal\AnjaliMISViewModal.csproj", "{060A45E3-095D-42CD-BCEC-FD53140B932D}"
EndProject
Project("{2150E333-8FDC-42A3-9474-1A3956D46DE8}") = ".nuget", ".nuget", "{F9AF37D5-6235-47F7-A6A5-A1D5FB078E9F}"
	ProjectSection(SolutionItems) = preProject
		.nuget\packages.config = .nuget\packages.config
	EndProjectSection
EndProject
Global
	GlobalSection(SolutionConfigurationPlatforms) = preSolution
		Debug|Any CPU = Debug|Any CPU
		Release|Any CPU = Release|Any CPU
	EndGlobalSection
	GlobalSection(ProjectConfigurationPlatforms) = postSolution
		{BC2E2ABF-08C4-4FE1-8761-E7BA707993D0}.Debug|Any CPU.ActiveCfg = Debug|Any CPU
		{BC2E2ABF-08C4-4FE1-8761-E7BA707993D0}.Debug|Any CPU.Build.0 = Debug|Any CPU
		{BC2E2ABF-08C4-4FE1-8761-E7BA707993D0}.Release|Any CPU.ActiveCfg = Release|Any CPU
		{BC2E2ABF-08C4-4FE1-8761-E7BA707993D0}.Release|Any CPU.Build.0 = Release|Any CPU
		{59BB6ABF-EA9A-41E1-B4B6-D004698EEB7B}.Debug|Any CPU.ActiveCfg = Debug|Any CPU
		{59BB6ABF-EA9A-41E1-B4B6-D004698EEB7B}.Debug|Any CPU.Build.0 = Debug|Any CPU
		{59BB6ABF-EA9A-41E1-B4B6-D004698EEB7B}.Release|Any CPU.ActiveCfg = Release|Any CPU
		{59BB6ABF-EA9A-41E1-B4B6-D004698EEB7B}.Release|Any CPU.Build.0 = Release|Any CPU
		{420A8699-75C8-4B78-9FC1-0595FBA5E0B7}.Debug|Any CPU.ActiveCfg = Debug|Any CPU
		{420A8699-75C8-4B78-9FC1-0595FBA5E0B7}.Debug|Any CPU.Build.0 = Debug|Any CPU
		{420A8699-75C8-4B78-9FC1-0595FBA5E0B7}.Release|Any CPU.ActiveCfg = Release|Any CPU
		{420A8699-75C8-4B78-9FC1-0595FBA5E0B7}.Release|Any CPU.Build.0 = Release|Any CPU
		{060A45E3-095D-42CD-BCEC-FD53140B932D}.Debug|Any CPU.ActiveCfg = Debug|Any CPU
		{060A45E3-095D-42CD-BCEC-FD53140B932D}.Debug|Any CPU.Build.0 = Debug|Any CPU
		{060A45E3-095D-42CD-BCEC-FD53140B932D}.Release|Any CPU.ActiveCfg = Release|Any CPU
		{060A45E3-095D-42CD-BCEC-FD53140B932D}.Release|Any CPU.Build.0 = Release|Any CPU
	EndGlobalSection
	GlobalSection(SolutionProperties) = preSolution
		HideSolutionNode = FALSE
	EndGlobalSection
EndGlobal
